
Microsoft Visual Studio Solution File, Format Version 12.00
# Visual Studio Version 16
VisualStudioVersion = 16.0.30611.23
MinimumVisualStudioVersion = 10.0.40219.1
Project("{FAE04EC0-301F-11D3-BF4B-00C04F79EFBC}") = "JqueryLearning(WebApp)", "JqueryLearning(WebApp)\JqueryLearning(WebApp).csproj", "{C5A72299-0DF5-498C-9C22-F7302D473D9E}"
EndProject
Global
	GlobalSection(SolutionConfigurationPlatforms) = preSolution
		Debug|Any CPU = Debug|Any CPU
		Release|Any CPU = Release|Any CPU
	EndGlobalSection
	GlobalSection(ProjectConfigurationPlatforms) = postSolution
		{C5A72299-0DF5-498C-9C22-F7302D473D9E}.Debug|Any CPU.ActiveCfg = Debug|Any CPU
		{C5A72299-0DF5-498C-9C22-F7302D473D9E}.Debug|Any CPU.Build.0 = Debug|Any CPU
		{C5A72299-0DF5-498C-9C22-F7302D473D9E}.Release|Any CPU.ActiveCfg = Release|Any CPU
		{C5A72299-0DF5-498C-9C22-F7302D473D9E}.Release|Any CPU.Build.0 = Release|Any CPU
	EndGlobalSection
	GlobalSection(SolutionProperties) = preSolution
		HideSolutionNode = FALSE
	EndGlobalSection
	GlobalSection(ExtensibilityGlobals) = postSolution
		SolutionGuid = {7F7E212D-1365-40ED-BED3-D9D36D25D09C}
	EndGlobalSection
EndGlobal
